{
  "version": 4,
  "terraform_version": "0.12.21",
  "serial": 133,
  "lineage": "cdcf8e4b-db1f-3395-2238-6a88eb6247e0",
  "outputs": {
    "config_map_aws_auth": {
      "value": "\n\napiVersion: v1\nkind: ConfigMap\nmetadata:\n  name: aws-auth\n  namespace: kube-system\ndata:\n  mapRoles: |\n    - rolearn: arn:aws:iam::501545346340:role/k8s-node\n      username: system:node:{{EC2PrivateDNSName}}\n      groups:\n        - system:bootstrappers\n        - system:nodes\n",
      "type": "string"
    },
    "kubeconfig": {
      "value": "\n\napiVersion: v1\nclusters:\n- cluster:\n    server: https://E40547527F1E6804D0C38CCC3BA65491.gr7.us-east-1.eks.amazonaws.com\n    certificate-authority-data: LS0tLS1CRUdJTiBDRVJUSUZJQ0FURS0tLS0tCk1JSUN5RENDQWJDZ0F3SUJBZ0lCQURBTkJna3Foa2lHOXcwQkFRc0ZBREFWTVJNd0VRWURWUVFERXdwcmRXSmwKY201bGRHVnpNQjRYRFRJd01EY3dOREE0TXpZeE9Gb1hEVE13TURjd01qQTRNell4T0Zvd0ZURVRNQkVHQTFVRQpBeE1LYTNWaVpYSnVaWFJsY3pDQ0FTSXdEUVlKS29aSWh2Y05BUUVCQlFBRGdnRVBBRENDQVFvQ2dnRUJBTFg5CnlCYWhBWjVkVjRjaEs3Y3lISWtESThZdyttbmdtUndmeHpOcVJuUVlDY2V3akpScHRRclROVWZGamtjbTVnRzYKVm45UFVKVzVoWDB0WlN6MGVnZ0I5emhTSEQzSkgvQTF5RXErSDI4dzR5SE00czlIQTJnQXAwY2N5RTJvVSsydQpONFVKaUJseElvYXc3dmZTb2R6cDBUUjcrWUQ4ek02alpEVExidUtUblJkczRSOWRlU3pPWUdaaFZKNUlaOEd2Cktjcko3SHZYRzZYSEt3OG5yWHM2aXhLL2pNVnNSUHZ6L2FSM2xHNE1zYjVmOWE0a3lua2xXQXdlNm1xMXpYaCsKQUltVzZZaHBRcTdISWpLUDZLc2xUWEZEZXZaa1B3U3lvOVRXL2xmbHovSUhGTVQzcGZBa2RzeU9uRmdGOGREdwpaMmFER2NYeWZvTDdlQWc1anE4Q0F3RUFBYU1qTUNFd0RnWURWUjBQQVFIL0JBUURBZ0trTUE4R0ExVWRFd0VCCi93UUZNQU1CQWY4d0RRWUpLb1pJaHZjTkFRRUxCUUFEZ2dFQkFCbmpZbm54UE04MFgvV0JjN2g2Sjk5a3dXVmMKcmpmYm5NMXVwaTNSaDVIcldlQ2kvZUFwWFlTcFVpTm9Wb2dTZ2FFcE53VUNNOU1GT2ZYb2RtcVJtQ0QxVG5PVQp2endVNWpXTEZkeUVBVG9CV0lMNHk0bUJDV3czWURicS9Qc0NCaU02WVloaGdyT2NLeFJybTZkK1pyNCtjdHFlCitZcXZreEtSMnh5eWlZaTdPMlZudXg0dHVZcnFTWEFiQWtVamtnQTVBMWlzbS9xU2ZTUm5UbDZsZVVXWlYxUmcKSVFrNHRvVG9ZSmFOTFJCNlFsWUpoVkxNK3hiRUpPaXM1T2owQzhBc2xPYnNpWmRQbS81Mm1QRTR0RDgrdkpyTgp6cUZaQmNzWHRxVTBwL3doNDdtNnpwdzRhTXBvQ3RkUXhZKy8yNWdPRWNwN2xIY3dYU21wWWxtSkNvST0KLS0tLS1FTkQgQ0VSVElGSUNBVEUtLS0tLQo=\n  name: kubernetes\ncontexts:\n- context:\n    cluster: kubernetes\n    user: aws\n  name: aws\ncurrent-context: aws\nkind: Config\npreferences: {}\nusers:\n- name: aws\n  user:\n    exec:\n      apiVersion: client.authentication.k8s.io/v1alpha1\n      command: aws-iam-authenticator\n      args:\n        - \"token\"\n        - \"-i\"\n        - \"k8s-task\"\n",
      "type": "string"
    }
  },
  "resources": [
    {
      "mode": "data",
      "type": "aws_availability_zones",
      "name": "available",
      "provider": "provider.aws",
      "instances": [
        {
          "schema_version": 0,
          "attributes": {
            "all_availability_zones": null,
            "blacklisted_names": null,
            "blacklisted_zone_ids": null,
            "filter": null,
            "group_names": [
              "us-east-1"
            ],
            "id": "2020-07-04 08:42:35.193618 +0000 UTC",
            "names": [
              "us-east-1a",
              "us-east-1b",
              "us-east-1c",
              "us-east-1d",
              "us-east-1e",
              "us-east-1f"
            ],
            "state": "available",
            "zone_ids": [
              "use1-az1",
              "use1-az2",
              "use1-az4",
              "use1-az6",
              "use1-az3",
              "use1-az5"
            ]
          }
        }
      ]
    },
    {
      "mode": "data",
      "type": "aws_region",
      "name": "current",
      "provider": "provider.aws",
      "instances": [
        {
          "schema_version": 0,
          "attributes": {
            "current": null,
            "description": "US East (N. Virginia)",
            "endpoint": "ec2.us-east-1.amazonaws.com",
            "id": "us-east-1",
            "name": "us-east-1"
          }
        }
      ]
    },
    {
      "mode": "data",
      "type": "http",
      "name": "workstation-external-ip",
      "provider": "provider.http",
      "instances": [
        {
          "schema_version": 0,
          "attributes": {
            "body": "93.170.116.108\n",
            "id": "2020-07-04 08:42:30.782865 +0000 UTC",
            "request_headers": null,
            "response_headers": {
              "Access-Control-Allow-Methods": "GET",
              "Access-Control-Allow-Origin": "*",
              "Content-Length": "15",
              "Content-Type": "text/plain; charset=UTF-8",
              "Date": "Sat, 04 Jul 2020 08:42:30 GMT",
              "Server": "nginx",
              "X-Rtfm": "Learn about this site at http://bit.ly/icanhazip-faq and do not abuse the service.",
              "X-Security": "This site DOES NOT distribute malware. Get the facts. https://goo.gl/1FhVpg"
            },
            "url": "http://ipv4.icanhazip.com"
          }
        }
      ]
    },
    {
      "mode": "managed",
      "type": "aws_eks_cluster",
      "name": "demo",
      "provider": "provider.aws",
      "instances": [
        {
          "schema_version": 0,
          "attributes": {
            "arn": "arn:aws:eks:us-east-1:501545346340:cluster/k8s-task",
            "certificate_authority": [
              {
                "data": "LS0tLS1CRUdJTiBDRVJUSUZJQ0FURS0tLS0tCk1JSUN5RENDQWJDZ0F3SUJBZ0lCQURBTkJna3Foa2lHOXcwQkFRc0ZBREFWTVJNd0VRWURWUVFERXdwcmRXSmwKY201bGRHVnpNQjRYRFRJd01EY3dOREE0TXpZeE9Gb1hEVE13TURjd01qQTRNell4T0Zvd0ZURVRNQkVHQTFVRQpBeE1LYTNWaVpYSnVaWFJsY3pDQ0FTSXdEUVlKS29aSWh2Y05BUUVCQlFBRGdnRVBBRENDQVFvQ2dnRUJBTFg5CnlCYWhBWjVkVjRjaEs3Y3lISWtESThZdyttbmdtUndmeHpOcVJuUVlDY2V3akpScHRRclROVWZGamtjbTVnRzYKVm45UFVKVzVoWDB0WlN6MGVnZ0I5emhTSEQzSkgvQTF5RXErSDI4dzR5SE00czlIQTJnQXAwY2N5RTJvVSsydQpONFVKaUJseElvYXc3dmZTb2R6cDBUUjcrWUQ4ek02alpEVExidUtUblJkczRSOWRlU3pPWUdaaFZKNUlaOEd2Cktjcko3SHZYRzZYSEt3OG5yWHM2aXhLL2pNVnNSUHZ6L2FSM2xHNE1zYjVmOWE0a3lua2xXQXdlNm1xMXpYaCsKQUltVzZZaHBRcTdISWpLUDZLc2xUWEZEZXZaa1B3U3lvOVRXL2xmbHovSUhGTVQzcGZBa2RzeU9uRmdGOGREdwpaMmFER2NYeWZvTDdlQWc1anE4Q0F3RUFBYU1qTUNFd0RnWURWUjBQQVFIL0JBUURBZ0trTUE4R0ExVWRFd0VCCi93UUZNQU1CQWY4d0RRWUpLb1pJaHZjTkFRRUxCUUFEZ2dFQkFCbmpZbm54UE04MFgvV0JjN2g2Sjk5a3dXVmMKcmpmYm5NMXVwaTNSaDVIcldlQ2kvZUFwWFlTcFVpTm9Wb2dTZ2FFcE53VUNNOU1GT2ZYb2RtcVJtQ0QxVG5PVQp2endVNWpXTEZkeUVBVG9CV0lMNHk0bUJDV3czWURicS9Qc0NCaU02WVloaGdyT2NLeFJybTZkK1pyNCtjdHFlCitZcXZreEtSMnh5eWlZaTdPMlZudXg0dHVZcnFTWEFiQWtVamtnQTVBMWlzbS9xU2ZTUm5UbDZsZVVXWlYxUmcKSVFrNHRvVG9ZSmFOTFJCNlFsWUpoVkxNK3hiRUpPaXM1T2owQzhBc2xPYnNpWmRQbS81Mm1QRTR0RDgrdkpyTgp6cUZaQmNzWHRxVTBwL3doNDdtNnpwdzRhTXBvQ3RkUXhZKy8yNWdPRWNwN2xIY3dYU21wWWxtSkNvST0KLS0tLS1FTkQgQ0VSVElGSUNBVEUtLS0tLQo="
              }
            ],
            "created_at": "2020-07-04 08:27:47 +0000 UTC",
            "enabled_cluster_log_types": [],
            "encryption_config": [],
            "endpoint": "https://E40547527F1E6804D0C38CCC3BA65491.gr7.us-east-1.eks.amazonaws.com",
            "id": "k8s-task",
            "identity": [
              {
                "oidc": [
                  {
                    "issuer": "https://oidc.eks.us-east-1.amazonaws.com/id/E40547527F1E6804D0C38CCC3BA65491"
                  }
                ]
              }
            ],
            "name": "k8s-task",
            "platform_version": "eks.1",
            "role_arn": "arn:aws:iam::501545346340:role/k8s-cluster",
            "status": "ACTIVE",
            "tags": {},
            "timeouts": null,
            "version": "1.16",
            "vpc_config": [
              {
                "cluster_security_group_id": "sg-0b0ed8290eb51ce37",
                "endpoint_private_access": false,
                "endpoint_public_access": true,
                "public_access_cidrs": [
                  "0.0.0.0/0"
                ],
                "security_group_ids": [
                  "sg-02ced6f43e6f0f0e6"
                ],
                "subnet_ids": [
                  "subnet-0ad6c9ab79aa69f6c",
                  "subnet-0e6c647b5769a95b8"
                ],
                "vpc_id": "vpc-0c1e77109d349b5fa"
              }
            ]
          },
          "private": "eyJlMmJmYjczMC1lY2FhLTExZTYtOGY4OC0zNDM2M2JjN2M0YzAiOnsiY3JlYXRlIjoxODAwMDAwMDAwMDAwLCJkZWxldGUiOjkwMDAwMDAwMDAwMCwidXBkYXRlIjozNjAwMDAwMDAwMDAwfX0=",
          "dependencies": [
            "aws_iam_role.demo-cluster",
            "aws_iam_role_policy_attachment.demo-cluster-AmazonEKSClusterPolicy",
            "aws_iam_role_policy_attachment.demo-cluster-AmazonEKSServicePolicy",
            "aws_security_group.demo-cluster",
            "aws_subnet.demo",
            "aws_vpc.demo"
          ]
        }
      ]
    },
    {
      "mode": "managed",
      "type": "aws_eks_node_group",
      "name": "demo",
      "provider": "provider.aws",
      "instances": [
        {
          "schema_version": 0,
          "attributes": {
            "ami_type": "AL2_x86_64",
            "arn": "arn:aws:eks:us-east-1:501545346340:nodegroup/k8s-task/demo/62b98c7f-0d0c-79f3-e6ec-418d4638e8c5",
            "cluster_name": "k8s-task",
            "disk_size": 20,
            "force_update_version": null,
            "id": "k8s-task:demo",
            "instance_types": [
              "t3.medium"
            ],
            "labels": null,
            "node_group_name": "demo",
            "node_role_arn": "arn:aws:iam::501545346340:role/k8s-node",
            "release_version": "1.16.8-20200618",
            "remote_access": [],
            "resources": [
              {
                "autoscaling_groups": [
                  {
                    "name": "eks-62b98c7f-0d0c-79f3-e6ec-418d4638e8c5"
                  }
                ],
                "remote_access_security_group_id": ""
              }
            ],
            "scaling_config": [
              {
                "desired_size": 2,
                "max_size": 2,
                "min_size": 1
              }
            ],
            "status": "ACTIVE",
            "subnet_ids": [
              "subnet-0ad6c9ab79aa69f6c",
              "subnet-0e6c647b5769a95b8"
            ],
            "tags": null,
            "timeouts": null,
            "version": "1.16"
          },
          "private": "eyJlMmJmYjczMC1lY2FhLTExZTYtOGY4OC0zNDM2M2JjN2M0YzAiOnsiY3JlYXRlIjozNjAwMDAwMDAwMDAwLCJkZWxldGUiOjM2MDAwMDAwMDAwMDAsInVwZGF0ZSI6MzYwMDAwMDAwMDAwMH19",
          "dependencies": [
            "aws_eks_cluster.demo",
            "aws_iam_role.demo-node",
            "aws_iam_role_policy_attachment.demo-node-AmazonEC2ContainerRegistryReadOnly",
            "aws_iam_role_policy_attachment.demo-node-AmazonEKSWorkerNodePolicy",
            "aws_iam_role_policy_attachment.demo-node-AmazonEKS_CNI_Policy",
            "aws_subnet.demo"
          ]
        }
      ]
    },
    {
      "mode": "managed",
      "type": "aws_iam_role",
      "name": "demo-cluster",
      "provider": "provider.aws",
      "instances": [
        {
          "schema_version": 0,
          "attributes": {
            "arn": "arn:aws:iam::501545346340:role/k8s-cluster",
            "assume_role_policy": "{\"Version\":\"2012-10-17\",\"Statement\":[{\"Effect\":\"Allow\",\"Principal\":{\"Service\":\"eks.amazonaws.com\"},\"Action\":\"sts:AssumeRole\"}]}",
            "create_date": "2020-07-04T08:27:34Z",
            "description": "",
            "force_detach_policies": false,
            "id": "k8s-cluster",
            "max_session_duration": 3600,
            "name": "k8s-cluster",
            "name_prefix": null,
            "path": "/",
            "permissions_boundary": null,
            "tags": {},
            "unique_id": "AROAXJRTOUUSCGZGFOCDZ"
          },
          "private": "bnVsbA=="
        }
      ]
    },
    {
      "mode": "managed",
      "type": "aws_iam_role",
      "name": "demo-node",
      "provider": "provider.aws",
      "instances": [
        {
          "schema_version": 0,
          "attributes": {
            "arn": "arn:aws:iam::501545346340:role/k8s-node",
            "assume_role_policy": "{\"Version\":\"2012-10-17\",\"Statement\":[{\"Effect\":\"Allow\",\"Principal\":{\"Service\":\"ec2.amazonaws.com\"},\"Action\":\"sts:AssumeRole\"}]}",
            "create_date": "2020-07-04T08:27:34Z",
            "description": "",
            "force_detach_policies": false,
            "id": "k8s-node",
            "max_session_duration": 3600,
            "name": "k8s-node",
            "name_prefix": null,
            "path": "/",
            "permissions_boundary": null,
            "tags": {},
            "unique_id": "AROAXJRTOUUSKSNPGQVSW"
          },
          "private": "bnVsbA=="
        }
      ]
    },
    {
      "mode": "managed",
      "type": "aws_iam_role_policy_attachment",
      "name": "demo-cluster-AmazonEKSClusterPolicy",
      "provider": "provider.aws",
      "instances": [
        {
          "schema_version": 0,
          "attributes": {
            "id": "k8s-cluster-20200704082736153500000002",
            "policy_arn": "arn:aws:iam::aws:policy/AmazonEKSClusterPolicy",
            "role": "k8s-cluster"
          },
          "private": "bnVsbA==",
          "dependencies": [
            "aws_iam_role.demo-cluster"
          ]
        }
      ]
    },
    {
      "mode": "managed",
      "type": "aws_iam_role_policy_attachment",
      "name": "demo-cluster-AmazonEKSServicePolicy",
      "provider": "provider.aws",
      "instances": [
        {
          "schema_version": 0,
          "attributes": {
            "id": "k8s-cluster-20200704082736145300000001",
            "policy_arn": "arn:aws:iam::aws:policy/AmazonEKSServicePolicy",
            "role": "k8s-cluster"
          },
          "private": "bnVsbA==",
          "dependencies": [
            "aws_iam_role.demo-cluster"
          ]
        }
      ]
    },
    {
      "mode": "managed",
      "type": "aws_iam_role_policy_attachment",
      "name": "demo-node-AmazonEC2ContainerRegistryReadOnly",
      "provider": "provider.aws",
      "instances": [
        {
          "schema_version": 0,
          "attributes": {
            "id": "k8s-node-20200704082736173700000004",
            "policy_arn": "arn:aws:iam::aws:policy/AmazonEC2ContainerRegistryReadOnly",
            "role": "k8s-node"
          },
          "private": "bnVsbA==",
          "dependencies": [
            "aws_iam_role.demo-node"
          ]
        }
      ]
    },
    {
      "mode": "managed",
      "type": "aws_iam_role_policy_attachment",
      "name": "demo-node-AmazonEKSWorkerNodePolicy",
      "provider": "provider.aws",
      "instances": [
        {
          "schema_version": 0,
          "attributes": {
            "id": "k8s-node-20200704082736173700000003",
            "policy_arn": "arn:aws:iam::aws:policy/AmazonEKSWorkerNodePolicy",
            "role": "k8s-node"
          },
          "private": "bnVsbA==",
          "dependencies": [
            "aws_iam_role.demo-node"
          ]
        }
      ]
    },
    {
      "mode": "managed",
      "type": "aws_iam_role_policy_attachment",
      "name": "demo-node-AmazonEKS_CNI_Policy",
      "provider": "provider.aws",
      "instances": [
        {
          "schema_version": 0,
          "attributes": {
            "id": "k8s-node-20200704082736173700000005",
            "policy_arn": "arn:aws:iam::aws:policy/AmazonEKS_CNI_Policy",
            "role": "k8s-node"
          },
          "private": "bnVsbA==",
          "dependencies": [
            "aws_iam_role.demo-node"
          ]
        }
      ]
    },
    {
      "mode": "managed",
      "type": "aws_internet_gateway",
      "name": "demo",
      "provider": "provider.aws",
      "instances": [
        {
          "schema_version": 0,
          "attributes": {
            "arn": "arn:aws:ec2:us-east-1:501545346340:internet-gateway/igw-016f906a5054c09d6",
            "id": "igw-016f906a5054c09d6",
            "owner_id": "501545346340",
            "tags": {
              "Name": "k8s"
            },
            "vpc_id": "vpc-0c1e77109d349b5fa"
          },
          "dependencies": [
            "aws_vpc.demo"
          ]
        }
      ]
    },
    {
      "mode": "managed",
      "type": "aws_route_table",
      "name": "demo",
      "provider": "provider.aws",
      "instances": [
        {
          "schema_version": 0,
          "attributes": {
            "id": "rtb-04873aceecea0b2b9",
            "owner_id": "501545346340",
            "propagating_vgws": [],
            "route": [
              {
                "cidr_block": "0.0.0.0/0",
                "egress_only_gateway_id": "",
                "gateway_id": "igw-016f906a5054c09d6",
                "instance_id": "",
                "ipv6_cidr_block": "",
                "nat_gateway_id": "",
                "network_interface_id": "",
                "transit_gateway_id": "",
                "vpc_peering_connection_id": ""
              }
            ],
            "tags": {},
            "vpc_id": "vpc-0c1e77109d349b5fa"
          },
          "private": "bnVsbA==",
          "dependencies": [
            "aws_internet_gateway.demo",
            "aws_vpc.demo"
          ]
        }
      ]
    },
    {
      "mode": "managed",
      "type": "aws_route_table_association",
      "name": "demo",
      "each": "list",
      "provider": "provider.aws",
      "instances": [
        {
          "index_key": 0,
          "schema_version": 0,
          "attributes": {
            "gateway_id": null,
            "id": "rtbassoc-0f9f8b8deacfa59d1",
            "route_table_id": "rtb-04873aceecea0b2b9",
            "subnet_id": "subnet-0e6c647b5769a95b8"
          },
          "private": "bnVsbA==",
          "dependencies": [
            "aws_internet_gateway.demo",
            "aws_route_table.demo",
            "aws_subnet.demo",
            "aws_vpc.demo"
          ]
        },
        {
          "index_key": 1,
          "schema_version": 0,
          "attributes": {
            "gateway_id": null,
            "id": "rtbassoc-098af960e046fb951",
            "route_table_id": "rtb-04873aceecea0b2b9",
            "subnet_id": "subnet-0ad6c9ab79aa69f6c"
          },
          "private": "bnVsbA==",
          "dependencies": [
            "aws_internet_gateway.demo",
            "aws_route_table.demo",
            "aws_subnet.demo",
            "aws_vpc.demo"
          ]
        }
      ]
    },
    {
      "mode": "managed",
      "type": "aws_security_group",
      "name": "demo-cluster",
      "provider": "provider.aws",
      "instances": [
        {
          "schema_version": 1,
          "attributes": {
            "arn": "arn:aws:ec2:us-east-1:501545346340:security-group/sg-02ced6f43e6f0f0e6",
            "description": "Cluster communication with worker nodes",
            "egress": [
              {
                "cidr_blocks": [
                  "0.0.0.0/0"
                ],
                "description": "",
                "from_port": 0,
                "ipv6_cidr_blocks": [],
                "prefix_list_ids": [],
                "protocol": "-1",
                "security_groups": [],
                "self": false,
                "to_port": 0
              }
            ],
            "id": "sg-02ced6f43e6f0f0e6",
            "ingress": [
              {
                "cidr_blocks": [
                  "93.170.116.108/32"
                ],
                "description": "Allow workstation to communicate with the cluster API Server",
                "from_port": 443,
                "ipv6_cidr_blocks": [],
                "prefix_list_ids": [],
                "protocol": "tcp",
                "security_groups": [],
                "self": false,
                "to_port": 443
              }
            ],
            "name": "k8s-cluster",
            "name_prefix": null,
            "owner_id": "501545346340",
            "revoke_rules_on_delete": false,
            "tags": {
              "Name": "tk8s"
            },
            "timeouts": null,
            "vpc_id": "vpc-0c1e77109d349b5fa"
          },
          "private": "eyJlMmJmYjczMC1lY2FhLTExZTYtOGY4OC0zNDM2M2JjN2M0YzAiOnsiY3JlYXRlIjo2MDAwMDAwMDAwMDAsImRlbGV0ZSI6NjAwMDAwMDAwMDAwfSwic2NoZW1hX3ZlcnNpb24iOiIxIn0=",
          "dependencies": [
            "aws_vpc.demo"
          ]
        }
      ]
    },
    {
      "mode": "managed",
      "type": "aws_security_group_rule",
      "name": "demo-cluster-ingress-workstation-https",
      "provider": "provider.aws",
      "instances": [
        {
          "schema_version": 2,
          "attributes": {
            "cidr_blocks": [
              "93.170.116.108/32"
            ],
            "description": "Allow workstation to communicate with the cluster API Server",
            "from_port": 443,
            "id": "sgrule-1298409622",
            "ipv6_cidr_blocks": [],
            "prefix_list_ids": [],
            "protocol": "tcp",
            "security_group_id": "sg-02ced6f43e6f0f0e6",
            "self": false,
            "source_security_group_id": null,
            "to_port": 443,
            "type": "ingress"
          },
          "private": "eyJzY2hlbWFfdmVyc2lvbiI6IjIifQ==",
          "dependencies": [
            "aws_security_group.demo-cluster",
            "aws_vpc.demo"
          ]
        }
      ]
    },
    {
      "mode": "managed",
      "type": "aws_subnet",
      "name": "demo",
      "each": "list",
      "provider": "provider.aws",
      "instances": [
        {
          "index_key": 0,
          "schema_version": 1,
          "attributes": {
            "arn": "arn:aws:ec2:us-east-1:501545346340:subnet/subnet-0e6c647b5769a95b8",
            "assign_ipv6_address_on_creation": false,
            "availability_zone": "us-east-1a",
            "availability_zone_id": "use1-az1",
            "cidr_block": "10.0.0.0/24",
            "id": "subnet-0e6c647b5769a95b8",
            "ipv6_cidr_block": "",
            "ipv6_cidr_block_association_id": "",
            "map_public_ip_on_launch": true,
            "outpost_arn": "",
            "owner_id": "501545346340",
            "tags": {
              "Name": "k8s-node",
              "kubernetes.io/cluster/k8s-task": "shared"
            },
            "timeouts": null,
            "vpc_id": "vpc-0c1e77109d349b5fa"
          },
          "private": "eyJlMmJmYjczMC1lY2FhLTExZTYtOGY4OC0zNDM2M2JjN2M0YzAiOnsiY3JlYXRlIjo2MDAwMDAwMDAwMDAsImRlbGV0ZSI6MTIwMDAwMDAwMDAwMH0sInNjaGVtYV92ZXJzaW9uIjoiMSJ9",
          "dependencies": [
            "aws_vpc.demo"
          ]
        },
        {
          "index_key": 1,
          "schema_version": 1,
          "attributes": {
            "arn": "arn:aws:ec2:us-east-1:501545346340:subnet/subnet-0ad6c9ab79aa69f6c",
            "assign_ipv6_address_on_creation": false,
            "availability_zone": "us-east-1b",
            "availability_zone_id": "use1-az2",
            "cidr_block": "10.0.1.0/24",
            "id": "subnet-0ad6c9ab79aa69f6c",
            "ipv6_cidr_block": "",
            "ipv6_cidr_block_association_id": "",
            "map_public_ip_on_launch": true,
            "outpost_arn": "",
            "owner_id": "501545346340",
            "tags": {
              "Name": "k8s-node",
              "kubernetes.io/cluster/k8s-task": "shared"
            },
            "timeouts": null,
            "vpc_id": "vpc-0c1e77109d349b5fa"
          },
          "private": "eyJlMmJmYjczMC1lY2FhLTExZTYtOGY4OC0zNDM2M2JjN2M0YzAiOnsiY3JlYXRlIjo2MDAwMDAwMDAwMDAsImRlbGV0ZSI6MTIwMDAwMDAwMDAwMH0sInNjaGVtYV92ZXJzaW9uIjoiMSJ9",
          "dependencies": [
            "aws_vpc.demo"
          ]
        }
      ]
    },
    {
      "mode": "managed",
      "type": "aws_vpc",
      "name": "demo",
      "provider": "provider.aws",
      "instances": [
        {
          "schema_version": 1,
          "attributes": {
            "arn": "arn:aws:ec2:us-east-1:501545346340:vpc/vpc-0c1e77109d349b5fa",
            "assign_generated_ipv6_cidr_block": false,
            "cidr_block": "10.0.0.0/16",
            "default_network_acl_id": "acl-073997a31d5839ff4",
            "default_route_table_id": "rtb-012e7609e5148ad72",
            "default_security_group_id": "sg-0aa017eb44428c83b",
            "dhcp_options_id": "dopt-78df5602",
            "enable_classiclink": false,
            "enable_classiclink_dns_support": false,
            "enable_dns_hostnames": false,
            "enable_dns_support": true,
            "id": "vpc-0c1e77109d349b5fa",
            "instance_tenancy": "default",
            "ipv6_association_id": "",
            "ipv6_cidr_block": "",
            "main_route_table_id": "rtb-012e7609e5148ad72",
            "owner_id": "501545346340",
            "tags": {
              "Name": "k8s-node",
              "kubernetes.io/cluster/k8s-task": "shared"
            }
          },
          "private": "eyJzY2hlbWFfdmVyc2lvbiI6IjEifQ=="
        }
      ]
    }
  ]
}
